
Microsoft Visual Studio Solution File, Format Version 12.00
# Visual Studio Version 16
VisualStudioVersion = 16.0.29806.167
MinimumVisualStudioVersion = 10.0.40219.1
Project("{FAE04EC0-301F-11D3-BF4B-00C04F79EFBC}") = "Assignment 169", "Assignment 169\Assignment 169.csproj", "{153B8DD7-17E1-40EC-92D9-77B387158B2D}"
EndProject
Global
	GlobalSection(SolutionConfigurationPlatforms) = preSolution
		Debug|Any CPU = Debug|Any CPU
		Release|Any CPU = Release|Any CPU
	EndGlobalSection
	GlobalSection(ProjectConfigurationPlatforms) = postSolution
		{153B8DD7-17E1-40EC-92D9-77B387158B2D}.Debug|Any CPU.ActiveCfg = Debug|Any CPU
		{153B8DD7-17E1-40EC-92D9-77B387158B2D}.Debug|Any CPU.Build.0 = Debug|Any CPU
		{153B8DD7-17E1-40EC-92D9-77B387158B2D}.Release|Any CPU.ActiveCfg = Release|Any CPU
		{153B8DD7-17E1-40EC-92D9-77B387158B2D}.Release|Any CPU.Build.0 = Release|Any CPU
	EndGlobalSection
	GlobalSection(SolutionProperties) = preSolution
		HideSolutionNode = FALSE
	EndGlobalSection
	GlobalSection(ExtensibilityGlobals) = postSolution
		SolutionGuid = {023B2DD6-EAE0-4C36-9BBE-4AAD55A894E4}
	EndGlobalSection
EndGlobal
